
Microsoft Visual Studio Solution File, Format Version 12.00
# Visual Studio 15
VisualStudioVersion = 15.0.28307.539
MinimumVisualStudioVersion = 10.0.40219.1
Project("{8BC9CEB8-8B4A-11D0-8D11-00A0C91BC942}") = "Server", "Server\Server.vcxproj", "{24B80323-E7B6-4EFA-90CE-C7C5227B95CC}"
	ProjectSection(ProjectDependencies) = postProject
		{A91A183A-2B7B-4AE8-8FBB-7AA1AC88301D} = {A91A183A-2B7B-4AE8-8FBB-7AA1AC88301D}
	EndProjectSection
EndProject
Project("{8BC9CEB8-8B4A-11D0-8D11-00A0C91BC942}") = "Client", "Client\Client.vcxproj", "{732FD8D0-7A01-4553-8F61-F35AFF175765}"
	ProjectSection(ProjectDependencies) = postProject
		{A91A183A-2B7B-4AE8-8FBB-7AA1AC88301D} = {A91A183A-2B7B-4AE8-8FBB-7AA1AC88301D}
	EndProjectSection
EndProject
Project("{8BC9CEB8-8B4A-11D0-8D11-00A0C91BC942}") = "ServerAsio", "ServerAsio\ServerAsio.vcxproj", "{30C0C446-80B5-4E0B-A659-71333A434ED6}"
EndProject
Project("{8BC9CEB8-8B4A-11D0-8D11-00A0C91BC942}") = "Common", "Common\Common.vcxproj", "{A91A183A-2B7B-4AE8-8FBB-7AA1AC88301D}"
EndProject
Project("{8BC9CEB8-8B4A-11D0-8D11-00A0C91BC942}") = "ServerUDP", "ServerUDP\ServerUDP.vcxproj", "{2C3C4243-3B09-4AB8-B530-F5337BBDF6A5}"
EndProject
Project("{8BC9CEB8-8B4A-11D0-8D11-00A0C91BC942}") = "ClientUDP", "ClientUDP\ClientUDP.vcxproj", "{0A29C6F5-C4C8-4831-8DD8-671533C1B703}"
EndProject
Global
	GlobalSection(SolutionConfigurationPlatforms) = preSolution
		Debug|x64 = Debug|x64
		Debug|x86 = Debug|x86
		Release|x64 = Release|x64
		Release|x86 = Release|x86
	EndGlobalSection
	GlobalSection(ProjectConfigurationPlatforms) = postSolution
		{24B80323-E7B6-4EFA-90CE-C7C5227B95CC}.Debug|x64.ActiveCfg = Debug|x64
		{24B80323-E7B6-4EFA-90CE-C7C5227B95CC}.Debug|x64.Build.0 = Debug|x64
		{24B80323-E7B6-4EFA-90CE-C7C5227B95CC}.Debug|x86.ActiveCfg = Debug|Win32
		{24B80323-E7B6-4EFA-90CE-C7C5227B95CC}.Debug|x86.Build.0 = Debug|Win32
		{24B80323-E7B6-4EFA-90CE-C7C5227B95CC}.Release|x64.ActiveCfg = Release|x64
		{24B80323-E7B6-4EFA-90CE-C7C5227B95CC}.Release|x64.Build.0 = Release|x64
		{24B80323-E7B6-4EFA-90CE-C7C5227B95CC}.Release|x86.ActiveCfg = Release|Win32
		{24B80323-E7B6-4EFA-90CE-C7C5227B95CC}.Release|x86.Build.0 = Release|Win32
		{732FD8D0-7A01-4553-8F61-F35AFF175765}.Debug|x64.ActiveCfg = Debug|x64
		{732FD8D0-7A01-4553-8F61-F35AFF175765}.Debug|x64.Build.0 = Debug|x64
		{732FD8D0-7A01-4553-8F61-F35AFF175765}.Debug|x86.ActiveCfg = Debug|Win32
		{732FD8D0-7A01-4553-8F61-F35AFF175765}.Debug|x86.Build.0 = Debug|Win32
		{732FD8D0-7A01-4553-8F61-F35AFF175765}.Release|x64.ActiveCfg = Release|x64
		{732FD8D0-7A01-4553-8F61-F35AFF175765}.Release|x64.Build.0 = Release|x64
		{732FD8D0-7A01-4553-8F61-F35AFF175765}.Release|x86.ActiveCfg = Release|Win32
		{732FD8D0-7A01-4553-8F61-F35AFF175765}.Release|x86.Build.0 = Release|Win32
		{30C0C446-80B5-4E0B-A659-71333A434ED6}.Debug|x64.ActiveCfg = Debug|x64
		{30C0C446-80B5-4E0B-A659-71333A434ED6}.Debug|x64.Build.0 = Debug|x64
		{30C0C446-80B5-4E0B-A659-71333A434ED6}.Debug|x86.ActiveCfg = Debug|Win32
		{30C0C446-80B5-4E0B-A659-71333A434ED6}.Debug|x86.Build.0 = Debug|Win32
		{30C0C446-80B5-4E0B-A659-71333A434ED6}.Release|x64.ActiveCfg = Release|x64
		{30C0C446-80B5-4E0B-A659-71333A434ED6}.Release|x64.Build.0 = Release|x64
		{30C0C446-80B5-4E0B-A659-71333A434ED6}.Release|x86.ActiveCfg = Release|Win32
		{30C0C446-80B5-4E0B-A659-71333A434ED6}.Release|x86.Build.0 = Release|Win32
		{A91A183A-2B7B-4AE8-8FBB-7AA1AC88301D}.Debug|x64.ActiveCfg = Debug|x64
		{A91A183A-2B7B-4AE8-8FBB-7AA1AC88301D}.Debug|x64.Build.0 = Debug|x64
		{A91A183A-2B7B-4AE8-8FBB-7AA1AC88301D}.Debug|x86.ActiveCfg = Debug|Win32
		{A91A183A-2B7B-4AE8-8FBB-7AA1AC88301D}.Debug|x86.Build.0 = Debug|Win32
		{A91A183A-2B7B-4AE8-8FBB-7AA1AC88301D}.Release|x64.ActiveCfg = Release|x64
		{A91A183A-2B7B-4AE8-8FBB-7AA1AC88301D}.Release|x64.Build.0 = Release|x64
		{A91A183A-2B7B-4AE8-8FBB-7AA1AC88301D}.Release|x86.ActiveCfg = Release|Win32
		{A91A183A-2B7B-4AE8-8FBB-7AA1AC88301D}.Release|x86.Build.0 = Release|Win32
		{2C3C4243-3B09-4AB8-B530-F5337BBDF6A5}.Debug|x64.ActiveCfg = Debug|x64
		{2C3C4243-3B09-4AB8-B530-F5337BBDF6A5}.Debug|x64.Build.0 = Debug|x64
		{2C3C4243-3B09-4AB8-B530-F5337BBDF6A5}.Debug|x86.ActiveCfg = Debug|Win32
		{2C3C4243-3B09-4AB8-B530-F5337BBDF6A5}.Debug|x86.Build.0 = Debug|Win32
		{2C3C4243-3B09-4AB8-B530-F5337BBDF6A5}.Release|x64.ActiveCfg = Release|x64
		{2C3C4243-3B09-4AB8-B530-F5337BBDF6A5}.Release|x64.Build.0 = Release|x64
		{2C3C4243-3B09-4AB8-B530-F5337BBDF6A5}.Release|x86.ActiveCfg = Release|Win32
		{2C3C4243-3B09-4AB8-B530-F5337BBDF6A5}.Release|x86.Build.0 = Release|Win32
		{0A29C6F5-C4C8-4831-8DD8-671533C1B703}.Debug|x64.ActiveCfg = Debug|x64
		{0A29C6F5-C4C8-4831-8DD8-671533C1B703}.Debug|x64.Build.0 = Debug|x64
		{0A29C6F5-C4C8-4831-8DD8-671533C1B703}.Debug|x86.ActiveCfg = Debug|Win32
		{0A29C6F5-C4C8-4831-8DD8-671533C1B703}.Debug|x86.Build.0 = Debug|Win32
		{0A29C6F5-C4C8-4831-8DD8-671533C1B703}.Release|x64.ActiveCfg = Release|x64
		{0A29C6F5-C4C8-4831-8DD8-671533C1B703}.Release|x64.Build.0 = Release|x64
		{0A29C6F5-C4C8-4831-8DD8-671533C1B703}.Release|x86.ActiveCfg = Release|Win32
		{0A29C6F5-C4C8-4831-8DD8-671533C1B703}.Release|x86.Build.0 = Release|Win32
	EndGlobalSection
	GlobalSection(SolutionProperties) = preSolution
		HideSolutionNode = FALSE
	EndGlobalSection
	GlobalSection(ExtensibilityGlobals) = postSolution
		SolutionGuid = {3B483BDC-9196-4BF6-95D9-4AE6E0A6853C}
	EndGlobalSection
EndGlobal
